
Microsoft Visual Studio Solution File, Format Version 12.00
# Visual Studio Version 17
VisualStudioVersion = 17.3.32922.545
MinimumVisualStudioVersion = 10.0.40219.1
Project("{FAE04EC0-301F-11D3-BF4B-00C04F79EFBC}") = "FinalProject_K15", "FinalProject_K15\FinalProject_K15.csproj", "{063FF28C-FEE2-4FFF-B938-AAEC23D9B3E5}"
EndProject
Global
	GlobalSection(SolutionConfigurationPlatforms) = preSolution
		Debug|Any CPU = Debug|Any CPU
		Release|Any CPU = Release|Any CPU
	EndGlobalSection
	GlobalSection(ProjectConfigurationPlatforms) = postSolution
		{063FF28C-FEE2-4FFF-B938-AAEC23D9B3E5}.Debug|Any CPU.ActiveCfg = Debug|Any CPU
		{063FF28C-FEE2-4FFF-B938-AAEC23D9B3E5}.Debug|Any CPU.Build.0 = Debug|Any CPU
		{063FF28C-FEE2-4FFF-B938-AAEC23D9B3E5}.Release|Any CPU.ActiveCfg = Release|Any CPU
		{063FF28C-FEE2-4FFF-B938-AAEC23D9B3E5}.Release|Any CPU.Build.0 = Release|Any CPU
	EndGlobalSection
	GlobalSection(SolutionProperties) = preSolution
		HideSolutionNode = FALSE
	EndGlobalSection
	GlobalSection(ExtensibilityGlobals) = postSolution
		SolutionGuid = {C2C80F5C-BCF8-4867-AD07-34B29EC0361B}
	EndGlobalSection
EndGlobal
